
Microsoft Visual Studio Solution File, Format Version 12.00
# Visual Studio Version 17
VisualStudioVersion = 17.3.32811.315
MinimumVisualStudioVersion = 10.0.40219.1
Project("{F184B08F-C81C-45F6-A57F-5ABD9991F28F}") = "201602410_PLANILLA", "201602410_PLANILLA\201602410_PLANILLA.vbproj", "{E501723D-00E3-431D-812B-8AA881354D84}"
EndProject
Global
	GlobalSection(SolutionConfigurationPlatforms) = preSolution
		Debug|Any CPU = Debug|Any CPU
		Release|Any CPU = Release|Any CPU
	EndGlobalSection
	GlobalSection(ProjectConfigurationPlatforms) = postSolution
		{E501723D-00E3-431D-812B-8AA881354D84}.Debug|Any CPU.ActiveCfg = Debug|Any CPU
		{E501723D-00E3-431D-812B-8AA881354D84}.Debug|Any CPU.Build.0 = Debug|Any CPU
		{E501723D-00E3-431D-812B-8AA881354D84}.Release|Any CPU.ActiveCfg = Release|Any CPU
		{E501723D-00E3-431D-812B-8AA881354D84}.Release|Any CPU.Build.0 = Release|Any CPU
	EndGlobalSection
	GlobalSection(SolutionProperties) = preSolution
		HideSolutionNode = FALSE
	EndGlobalSection
	GlobalSection(ExtensibilityGlobals) = postSolution
		SolutionGuid = {420BFB8E-813E-4664-85DC-B69F60BDC3BC}
	EndGlobalSection
EndGlobal
